{
  "nodes": {
    "flake-compat": {
      "locked": {
        "lastModified": 1733328505,
        "narHash": "sha256-NeCCThCEP3eCl2l/+27kNNK7QrwZB1IJCrXfrbv5oqU=",
        "owner": "edolstra",
        "repo": "flake-compat",
        "rev": "ff81ac966bb2cae68946d5ed5fc4994f96d0ffec",
        "type": "github"
      },
      "original": {
        "owner": "edolstra",
        "repo": "flake-compat",
        "type": "github"
      }
    },
    "flake-utils": {
      "inputs": {
        "systems": "systems"
      },
      "locked": {
        "lastModified": 1731533236,
        "narHash": "sha256-l0KFg5HjrsfsO/JpG+r7fRrqm12kzFHyUHqHCVpMMbI=",
        "owner": "numtide",
        "repo": "flake-utils",
        "rev": "11707dc2f618dd54ca8739b309ec4fc024de578b",
        "type": "github"
      },
      "original": {
        "owner": "numtide",
        "repo": "flake-utils",
        "type": "github"
      }
    },
    "nixpkgs": {
      "locked": {
        "lastModified": 1738247409,
        "narHash": "sha256-F72dKl9Na6/2N+garOm9qCXPa92GzR8eYSuDra6kbjY=",
        "owner": "danieldk",
        "repo": "nixpkgs",
        "rev": "358f57074b70e3ee9e1dc118151a4f6f81fcd3bb",
        "type": "github"
      },
      "original": {
        "owner": "danieldk",
        "ref": "cuda-12.6-for-kernel-builder",
        "repo": "nixpkgs",
        "type": "github"
      }
    },
    "nixpkgs_2": {
      "locked": {
        "lastModified": 1739184465,
        "narHash": "sha256-7Z9kNbr6qZwPG1z/6Hn/re4SS9nu1krxyknyNeCBh/o=",
        "owner": "nixos",
        "repo": "nixpkgs",
        "rev": "58edd1e2acbc9be9fe29964344c6419db013141e",
        "type": "github"
      },
      "original": {
        "owner": "nixos",
        "ref": "nixos-unstable-small",
        "repo": "nixpkgs",
        "type": "github"
      }
    },
    "rocm-nix": {
      "inputs": {
        "nixpkgs": "nixpkgs_2"
      },
      "locked": {
        "lastModified": 1739274763,
        "narHash": "sha256-qyvbbSmkdvyoOrp1ll6psU0SeH4W+8+bZO9vKPe/vvU=",
        "owner": "huggingface",
        "repo": "rocm-nix",
        "rev": "08477e42d6c1bdddc7e33acf549a10645f894253",
        "type": "github"
      },
      "original": {
        "owner": "huggingface",
        "repo": "rocm-nix",
        "type": "github"
      }
    },
    "root": {
      "inputs": {
        "flake-compat": "flake-compat",
        "flake-utils": "flake-utils",
        "nixpkgs": "nixpkgs",
        "rocm-nix": "rocm-nix"
      }
    },
    "systems": {
      "locked": {
        "lastModified": 1681028828,
        "narHash": "sha256-Vy1rq5AaRuLzOxct8nz4T6wlgyUR7zLU309k9mBC768=",
        "owner": "nix-systems",
        "repo": "default",
        "rev": "da67096a3b9bf56a91d16901293e51ba5b49a27e",
        "type": "github"
      },
      "original": {
        "owner": "nix-systems",
        "repo": "default",
        "type": "github"
      }
    }
  },
  "root": "root",
  "version": 7
}
